{
  "name": "myVue",
  "version": "1.0.0",
  "lockfileVersion": 1,
  "requires": true,
  "dependencies": {
    "@types/estree": {
      "version": "0.0.50",
      "resolved": "https://registry.npmjs.org/@types/estree/-/estree-0.0.50.tgz",
      "integrity": "sha512-C6N5s2ZFtuZRj54k2/zyRhNDjJwwcViAM3Nbm8zjBpbqAdZ00mr0CFxvSKeO8Y/e03WVFLpQMdHYVfUd6SB+Hw==",
      "dev": true
    },
    "@types/node": {
      "version": "16.7.13",
      "resolved": "https://registry.npmjs.org/@types/node/-/node-16.7.13.tgz",
      "integrity": "sha512-pLUPDn+YG3FYEt/pHI74HmnJOWzeR+tOIQzUx93pi9M7D8OE7PSLr97HboXwk5F+JS+TLtWuzCOW97AHjmOXXA==",
      "dev": true
    },
    "acorn": {
      "version": "7.4.1",
      "resolved": "https://registry.npmjs.org/acorn/-/acorn-7.4.1.tgz",
      "integrity": "sha512-nQyp0o1/mNdbTO1PO6kHkwSrmgZ0MT/jCCpNiwbUjGoRN4dlBhqJtoQuCnEOKzgTVwg0ZWiCoQy6SxMebQVh8A==",
      "dev": true
    },
    "rollup": {
      "version": "1.32.1",
      "resolved": "https://registry.npmjs.org/rollup/-/rollup-1.32.1.tgz",
      "integrity": "sha512-/2HA0Ec70TvQnXdzynFffkjA6XN+1e2pEv/uKS5Ulca40g2L7KuOE3riasHoNVHOsFD5KKZgDsMk1CP3Tw9s+A==",
      "dev": true,
      "requires": {
        "@types/estree": "*",
        "@types/node": "*",
        "acorn": "^7.1.0"
      }
    }
  }
}
